{
  "name": "contracts",
  "version": "1.0.0",
  "lockfileVersion": 3,
  "requires": true,
  "packages": {
    "": {
      "name": "contracts",
      "version": "1.0.0",
      "license": "ISC",
      "dependencies": {
        "@pythnetwork/entropy-sdk-solidity": "^2.2.0"
      }
    },
    "node_modules/@pythnetwork/entropy-sdk-solidity": {
      "version": "2.2.0",
      "resolved": "https://registry.npmjs.org/@pythnetwork/entropy-sdk-solidity/-/entropy-sdk-solidity-2.2.0.tgz",
      "integrity": "sha512-nE4402BNz7MmWyB5asnJYJzRwolRNKoUehHHdBhvTso5q/YGpdH0AeU6xGV31AMLJtC8Ul0QAs63crzWZgnOvw==",
      "license": "Apache-2.0",
      "engines": {
        "node": ">=22.14.0"
      }
    }
  }
}
